
Microsoft Visual Studio Solution File, Format Version 12.00
# Visual Studio Version 17
VisualStudioVersion = 17.11.35327.3
MinimumVisualStudioVersion = 10.0.40219.1
Project("{FAE04EC0-301F-11D3-BF4B-00C04F79EFBC}") = "DoAnOOP", "DoAnOOP\DoAnOOP.csproj", "{5D3A05A3-9917-4948-998B-890FE40C9FEE}"
EndProject
Global
	GlobalSection(SolutionConfigurationPlatforms) = preSolution
		Debug|Any CPU = Debug|Any CPU
		Release|Any CPU = Release|Any CPU
	EndGlobalSection
	GlobalSection(ProjectConfigurationPlatforms) = postSolution
		{5D3A05A3-9917-4948-998B-890FE40C9FEE}.Debug|Any CPU.ActiveCfg = Debug|Any CPU
		{5D3A05A3-9917-4948-998B-890FE40C9FEE}.Debug|Any CPU.Build.0 = Debug|Any CPU
		{5D3A05A3-9917-4948-998B-890FE40C9FEE}.Release|Any CPU.ActiveCfg = Release|Any CPU
		{5D3A05A3-9917-4948-998B-890FE40C9FEE}.Release|Any CPU.Build.0 = Release|Any CPU
	EndGlobalSection
	GlobalSection(SolutionProperties) = preSolution
		HideSolutionNode = FALSE
	EndGlobalSection
	GlobalSection(ExtensibilityGlobals) = postSolution
		SolutionGuid = {F8E58185-E934-436F-86E6-3A5BCBFE338D}
	EndGlobalSection
EndGlobal
